
Microsoft Visual Studio Solution File, Format Version 12.00
# Visual Studio Version 17
VisualStudioVersion = 17.7.34009.444
MinimumVisualStudioVersion = 10.0.40219.1
Project("{FAE04EC0-301F-11D3-BF4B-00C04F79EFBC}") = "EscolaNardi", "EscolaNardi.csproj", "{9AFA3960-D49B-4371-95DD-FF7B2604427E}"
EndProject
Global
	GlobalSection(SolutionConfigurationPlatforms) = preSolution
		Debug|Any CPU = Debug|Any CPU
		Release|Any CPU = Release|Any CPU
	EndGlobalSection
	GlobalSection(ProjectConfigurationPlatforms) = postSolution
		{9AFA3960-D49B-4371-95DD-FF7B2604427E}.Debug|Any CPU.ActiveCfg = Debug|Any CPU
		{9AFA3960-D49B-4371-95DD-FF7B2604427E}.Debug|Any CPU.Build.0 = Debug|Any CPU
		{9AFA3960-D49B-4371-95DD-FF7B2604427E}.Release|Any CPU.ActiveCfg = Release|Any CPU
		{9AFA3960-D49B-4371-95DD-FF7B2604427E}.Release|Any CPU.Build.0 = Release|Any CPU
	EndGlobalSection
	GlobalSection(SolutionProperties) = preSolution
		HideSolutionNode = FALSE
	EndGlobalSection
	GlobalSection(ExtensibilityGlobals) = postSolution
		SolutionGuid = {384F564B-0E49-4969-BA1B-830EEC3378A1}
	EndGlobalSection
EndGlobal
