
Microsoft Visual Studio Solution File, Format Version 12.00
# Visual Studio Version 17
VisualStudioVersion = 17.7.34009.444
MinimumVisualStudioVersion = 10.0.40219.1
Project("{FAE04EC0-301F-11D3-BF4B-00C04F79EFBC}") = "GerenciamentoBanco", "GerenciamentoBanco.csproj", "{FD3B2702-6F10-4B17-AEA3-7AE94398A2EF}"
EndProject
Global
	GlobalSection(SolutionConfigurationPlatforms) = preSolution
		Debug|Any CPU = Debug|Any CPU
		Release|Any CPU = Release|Any CPU
	EndGlobalSection
	GlobalSection(ProjectConfigurationPlatforms) = postSolution
		{FD3B2702-6F10-4B17-AEA3-7AE94398A2EF}.Debug|Any CPU.ActiveCfg = Debug|Any CPU
		{FD3B2702-6F10-4B17-AEA3-7AE94398A2EF}.Debug|Any CPU.Build.0 = Debug|Any CPU
		{FD3B2702-6F10-4B17-AEA3-7AE94398A2EF}.Release|Any CPU.ActiveCfg = Release|Any CPU
		{FD3B2702-6F10-4B17-AEA3-7AE94398A2EF}.Release|Any CPU.Build.0 = Release|Any CPU
	EndGlobalSection
	GlobalSection(SolutionProperties) = preSolution
		HideSolutionNode = FALSE
	EndGlobalSection
	GlobalSection(ExtensibilityGlobals) = postSolution
		SolutionGuid = {58345543-EE87-4FB8-AFEA-C05931316255}
	EndGlobalSection
EndGlobal
