
Microsoft Visual Studio Solution File, Format Version 12.00
# Visual Studio Version 17
VisualStudioVersion = 17.7.34009.444
MinimumVisualStudioVersion = 10.0.40219.1
Project("{FAE04EC0-301F-11D3-BF4B-00C04F79EFBC}") = "Hospital", "Hospital.csproj", "{21A99900-BC25-4648-A794-1261A15D2294}"
EndProject
Global
	GlobalSection(SolutionConfigurationPlatforms) = preSolution
		Debug|Any CPU = Debug|Any CPU
		Release|Any CPU = Release|Any CPU
	EndGlobalSection
	GlobalSection(ProjectConfigurationPlatforms) = postSolution
		{21A99900-BC25-4648-A794-1261A15D2294}.Debug|Any CPU.ActiveCfg = Debug|Any CPU
		{21A99900-BC25-4648-A794-1261A15D2294}.Debug|Any CPU.Build.0 = Debug|Any CPU
		{21A99900-BC25-4648-A794-1261A15D2294}.Release|Any CPU.ActiveCfg = Release|Any CPU
		{21A99900-BC25-4648-A794-1261A15D2294}.Release|Any CPU.Build.0 = Release|Any CPU
	EndGlobalSection
	GlobalSection(SolutionProperties) = preSolution
		HideSolutionNode = FALSE
	EndGlobalSection
	GlobalSection(ExtensibilityGlobals) = postSolution
		SolutionGuid = {49DC1513-96AF-4D64-8648-D03EF1E4C07D}
	EndGlobalSection
EndGlobal
