
Microsoft Visual Studio Solution File, Format Version 12.00
# Visual Studio Version 17
VisualStudioVersion = 17.7.34009.444
MinimumVisualStudioVersion = 10.0.40219.1
Project("{FAE04EC0-301F-11D3-BF4B-00C04F79EFBC}") = "MyGame", "MyGame.csproj", "{65603679-BD7B-4C72-80E7-A5E083FC639F}"
EndProject
Global
	GlobalSection(SolutionConfigurationPlatforms) = preSolution
		Debug|Any CPU = Debug|Any CPU
		Release|Any CPU = Release|Any CPU
	EndGlobalSection
	GlobalSection(ProjectConfigurationPlatforms) = postSolution
		{65603679-BD7B-4C72-80E7-A5E083FC639F}.Debug|Any CPU.ActiveCfg = Debug|Any CPU
		{65603679-BD7B-4C72-80E7-A5E083FC639F}.Debug|Any CPU.Build.0 = Debug|Any CPU
		{65603679-BD7B-4C72-80E7-A5E083FC639F}.Release|Any CPU.ActiveCfg = Release|Any CPU
		{65603679-BD7B-4C72-80E7-A5E083FC639F}.Release|Any CPU.Build.0 = Release|Any CPU
	EndGlobalSection
	GlobalSection(SolutionProperties) = preSolution
		HideSolutionNode = FALSE
	EndGlobalSection
	GlobalSection(ExtensibilityGlobals) = postSolution
		SolutionGuid = {60255F92-3F7B-4719-AD86-0FE901674166}
	EndGlobalSection
EndGlobal
